// !$*UTF8*$!
{
	archiveVersion = 1;
	classes = {
	};
	objectVersion = 50;
	objects = {

/* Begin PBXBuildFile section */
		281197732198FAB400F82218 /* PreviewViewController.swift in Sources */ = {isa = PBXBuildFile; fileRef = 281197722198FAB400F82218 /* PreviewViewController.swift */; };
		2856F4E5219DB57A001F99B0 /* SwinjectStoryboard+Extension.swift in Sources */ = {isa = PBXBuildFile; fileRef = 2856F4E4219DB57A001F99B0 /* SwinjectStoryboard+Extension.swift */; };
		2856F4EA219DBC5F001F99B0 /* TrackEntity.swift in Sources */ = {isa = PBXBuildFile; fileRef = 2856F4E9219DBC5F001F99B0 /* TrackEntity.swift */; };
		2856F4EE219E6CC9001F99B0 /* ChatBotViewController.swift in Sources */ = {isa = PBXBuildFile; fileRef = 2856F4ED219E6CC9001F99B0 /* ChatBotViewController.swift */; };
		2856F4F4219E776C001F99B0 /* KeyboardLayoutConstraint.swift in Sources */ = {isa = PBXBuildFile; fileRef = 2856F4F3219E776C001F99B0 /* KeyboardLayoutConstraint.swift */; };
		2856F4F9219E7E30001F99B0 /* ChatBotMineCell.swift in Sources */ = {isa = PBXBuildFile; fileRef = 2856F4F8219E7E30001F99B0 /* ChatBotMineCell.swift */; };
		2856F4FB219E7E57001F99B0 /* ChatBotTheirsCell.swift in Sources */ = {isa = PBXBuildFile; fileRef = 2856F4FA219E7E57001F99B0 /* ChatBotTheirsCell.swift */; };
		2856F500219E83B7001F99B0 /* RoundedView.swift in Sources */ = {isa = PBXBuildFile; fileRef = 2856F4FF219E83B7001F99B0 /* RoundedView.swift */; };
		2856F502219E8B78001F99B0 /* ChatBotModel.swift in Sources */ = {isa = PBXBuildFile; fileRef = 2856F501219E8B78001F99B0 /* ChatBotModel.swift */; };
		285D8F2F2193BB2000DCEC07 /* AppDelegate.swift in Sources */ = {isa = PBXBuildFile; fileRef = 285D8F2E2193BB2000DCEC07 /* AppDelegate.swift */; };
		285D8F312193BB2000DCEC07 /* ViewController.swift in Sources */ = {isa = PBXBuildFile; fileRef = 285D8F302193BB2000DCEC07 /* ViewController.swift */; };
		285D8F342193BB2000DCEC07 /* Main.storyboard in Resources */ = {isa = PBXBuildFile; fileRef = 285D8F322193BB2000DCEC07 /* Main.storyboard */; };
		285D8F362193BB2400DCEC07 /* Assets.xcassets in Resources */ = {isa = PBXBuildFile; fileRef = 285D8F352193BB2400DCEC07 /* Assets.xcassets */; };
		285D8F392193BB2400DCEC07 /* LaunchScreen.storyboard in Resources */ = {isa = PBXBuildFile; fileRef = 285D8F372193BB2400DCEC07 /* LaunchScreen.storyboard */; };
		285D8F442193BB2400DCEC07 /* WiFinderTests.swift in Sources */ = {isa = PBXBuildFile; fileRef = 285D8F432193BB2400DCEC07 /* WiFinderTests.swift */; };
		285D8F542193BE5E00DCEC07 /* RequestProtocol.swift in Sources */ = {isa = PBXBuildFile; fileRef = 285D8F532193BE5E00DCEC07 /* RequestProtocol.swift */; };
		285D8F562193BEBB00DCEC07 /* AlamofireRequest.swift in Sources */ = {isa = PBXBuildFile; fileRef = 285D8F552193BEBB00DCEC07 /* AlamofireRequest.swift */; };
		285D8F582193BEFC00DCEC07 /* ITunesAPIProtocol.swift in Sources */ = {isa = PBXBuildFile; fileRef = 285D8F572193BEFC00DCEC07 /* ITunesAPIProtocol.swift */; };
		285D8F5B2193C0E500DCEC07 /* ITunesAPI.swift in Sources */ = {isa = PBXBuildFile; fileRef = 285D8F5A2193C0E500DCEC07 /* ITunesAPI.swift */; };
		285D8F5D2193C18B00DCEC07 /* ITunesAPITests.swift in Sources */ = {isa = PBXBuildFile; fileRef = 285D8F5C2193C18B00DCEC07 /* ITunesAPITests.swift */; };
		285D8F602193C2AF00DCEC07 /* ITunesTrackModel.swift in Sources */ = {isa = PBXBuildFile; fileRef = 285D8F5F2193C2AF00DCEC07 /* ITunesTrackModel.swift */; };
		285D8F642193C53C00DCEC07 /* ITunesSearchResponseModel.swift in Sources */ = {isa = PBXBuildFile; fileRef = 285D8F632193C53C00DCEC07 /* ITunesSearchResponseModel.swift */; };
		286446EF2193D24800C389E6 /* TrackTableViewCell.swift in Sources */ = {isa = PBXBuildFile; fileRef = 286446EE2193D24800C389E6 /* TrackTableViewCell.swift */; };
		2878B256219514E600E5D4D8 /* TrackCatalogModelTests.swift in Sources */ = {isa = PBXBuildFile; fileRef = 2878B255219514E600E5D4D8 /* TrackCatalogModelTests.swift */; };
		2878B25821951A6200E5D4D8 /* CatalogModel.swift in Sources */ = {isa = PBXBuildFile; fileRef = 2878B25721951A6200E5D4D8 /* CatalogModel.swift */; };
		2878B25A2195230D00E5D4D8 /* PageViewController.swift in Sources */ = {isa = PBXBuildFile; fileRef = 2878B2592195230D00E5D4D8 /* PageViewController.swift */; };
		2878B25F2195274B00E5D4D8 /* FirstScreenViewController.swift in Sources */ = {isa = PBXBuildFile; fileRef = 2878B25E2195274B00E5D4D8 /* FirstScreenViewController.swift */; };
		2878B2612195275900E5D4D8 /* SecondScreenViewController.swift in Sources */ = {isa = PBXBuildFile; fileRef = 2878B2602195275900E5D4D8 /* SecondScreenViewController.swift */; };
		BF61EA6D9180A99D3070600F /* Pods_WiFinder.framework in Frameworks */ = {isa = PBXBuildFile; fileRef = 4B940C7D79EFE82C2D00EC52 /* Pods_WiFinder.framework */; };
/* End PBXBuildFile section */

/* Begin PBXContainerItemProxy section */
		285D8F402193BB2400DCEC07 /* PBXContainerItemProxy */ = {
			isa = PBXContainerItemProxy;
			containerPortal = 285D8F232193BB2000DCEC07 /* Project object */;
			proxyType = 1;
			remoteGlobalIDString = 285D8F2A2193BB2000DCEC07;
			remoteInfo = WiFinder;
		};
/* End PBXContainerItemProxy section */

/* Begin PBXFileReference section */
		281197722198FAB400F82218 /* PreviewViewController.swift */ = {isa = PBXFileReference; lastKnownFileType = sourcecode.swift; path = PreviewViewController.swift; sourceTree = "<group>"; };
		2856F4E4219DB57A001F99B0 /* SwinjectStoryboard+Extension.swift */ = {isa = PBXFileReference; lastKnownFileType = sourcecode.swift; path = "SwinjectStoryboard+Extension.swift"; sourceTree = "<group>"; };
		2856F4E9219DBC5F001F99B0 /* TrackEntity.swift */ = {isa = PBXFileReference; lastKnownFileType = sourcecode.swift; path = TrackEntity.swift; sourceTree = "<group>"; };
		2856F4ED219E6CC9001F99B0 /* ChatBotViewController.swift */ = {isa = PBXFileReference; lastKnownFileType = sourcecode.swift; path = ChatBotViewController.swift; sourceTree = "<group>"; };
		2856F4F3219E776C001F99B0 /* KeyboardLayoutConstraint.swift */ = {isa = PBXFileReference; lastKnownFileType = sourcecode.swift; path = KeyboardLayoutConstraint.swift; sourceTree = "<group>"; };
		2856F4F8219E7E30001F99B0 /* ChatBotMineCell.swift */ = {isa = PBXFileReference; lastKnownFileType = sourcecode.swift; path = ChatBotMineCell.swift; sourceTree = "<group>"; };
		2856F4FA219E7E57001F99B0 /* ChatBotTheirsCell.swift */ = {isa = PBXFileReference; lastKnownFileType = sourcecode.swift; path = ChatBotTheirsCell.swift; sourceTree = "<group>"; };
		2856F4FF219E83B7001F99B0 /* RoundedView.swift */ = {isa = PBXFileReference; lastKnownFileType = sourcecode.swift; path = RoundedView.swift; sourceTree = "<group>"; };
		2856F501219E8B78001F99B0 /* ChatBotModel.swift */ = {isa = PBXFileReference; lastKnownFileType = sourcecode.swift; path = ChatBotModel.swift; sourceTree = "<group>"; };
		285D8F2B2193BB2000DCEC07 /* WiFinder.app */ = {isa = PBXFileReference; explicitFileType = wrapper.application; includeInIndex = 0; path = WiFinder.app; sourceTree = BUILT_PRODUCTS_DIR; };
		285D8F2E2193BB2000DCEC07 /* AppDelegate.swift */ = {isa = PBXFileReference; lastKnownFileType = sourcecode.swift; path = AppDelegate.swift; sourceTree = "<group>"; };
		285D8F302193BB2000DCEC07 /* ViewController.swift */ = {isa = PBXFileReference; lastKnownFileType = sourcecode.swift; path = ViewController.swift; sourceTree = "<group>"; };
		285D8F332193BB2000DCEC07 /* Base */ = {isa = PBXFileReference; lastKnownFileType = file.storyboard; name = Base; path = Base.lproj/Main.storyboard; sourceTree = "<group>"; };
		285D8F352193BB2400DCEC07 /* Assets.xcassets */ = {isa = PBXFileReference; lastKnownFileType = folder.assetcatalog; path = Assets.xcassets; sourceTree = "<group>"; };
		285D8F382193BB2400DCEC07 /* Base */ = {isa = PBXFileReference; lastKnownFileType = file.storyboard; name = Base; path = Base.lproj/LaunchScreen.storyboard; sourceTree = "<group>"; };
		285D8F3A2193BB2400DCEC07 /* Info.plist */ = {isa = PBXFileReference; lastKnownFileType = text.plist.xml; path = Info.plist; sourceTree = "<group>"; };
		285D8F3F2193BB2400DCEC07 /* WiFinderTests.xctest */ = {isa = PBXFileReference; explicitFileType = wrapper.cfbundle; includeInIndex = 0; path = WiFinderTests.xctest; sourceTree = BUILT_PRODUCTS_DIR; };
		285D8F432193BB2400DCEC07 /* WiFinderTests.swift */ = {isa = PBXFileReference; lastKnownFileType = sourcecode.swift; path = WiFinderTests.swift; sourceTree = "<group>"; };
		285D8F452193BB2400DCEC07 /* Info.plist */ = {isa = PBXFileReference; lastKnownFileType = text.plist.xml; path = Info.plist; sourceTree = "<group>"; };
		285D8F532193BE5E00DCEC07 /* RequestProtocol.swift */ = {isa = PBXFileReference; lastKnownFileType = sourcecode.swift; path = RequestProtocol.swift; sourceTree = "<group>"; };
		285D8F552193BEBB00DCEC07 /* AlamofireRequest.swift */ = {isa = PBXFileReference; lastKnownFileType = sourcecode.swift; path = AlamofireRequest.swift; sourceTree = "<group>"; };
		285D8F572193BEFC00DCEC07 /* ITunesAPIProtocol.swift */ = {isa = PBXFileReference; lastKnownFileType = sourcecode.swift; path = ITunesAPIProtocol.swift; sourceTree = "<group>"; };
		285D8F5A2193C0E500DCEC07 /* ITunesAPI.swift */ = {isa = PBXFileReference; lastKnownFileType = sourcecode.swift; path = ITunesAPI.swift; sourceTree = "<group>"; };
		285D8F5C2193C18B00DCEC07 /* ITunesAPITests.swift */ = {isa = PBXFileReference; lastKnownFileType = sourcecode.swift; path = ITunesAPITests.swift; sourceTree = "<group>"; };
		285D8F5F2193C2AF00DCEC07 /* ITunesTrackModel.swift */ = {isa = PBXFileReference; lastKnownFileType = sourcecode.swift; path = ITunesTrackModel.swift; sourceTree = "<group>"; };
		285D8F632193C53C00DCEC07 /* ITunesSearchResponseModel.swift */ = {isa = PBXFileReference; lastKnownFileType = sourcecode.swift; path = ITunesSearchResponseModel.swift; sourceTree = "<group>"; };
		286446EE2193D24800C389E6 /* TrackTableViewCell.swift */ = {isa = PBXFileReference; lastKnownFileType = sourcecode.swift; path = TrackTableViewCell.swift; sourceTree = "<group>"; };
		2878B255219514E600E5D4D8 /* TrackCatalogModelTests.swift */ = {isa = PBXFileReference; lastKnownFileType = sourcecode.swift; path = TrackCatalogModelTests.swift; sourceTree = "<group>"; };
		2878B25721951A6200E5D4D8 /* CatalogModel.swift */ = {isa = PBXFileReference; lastKnownFileType = sourcecode.swift; path = CatalogModel.swift; sourceTree = "<group>"; };
		2878B2592195230D00E5D4D8 /* PageViewController.swift */ = {isa = PBXFileReference; lastKnownFileType = sourcecode.swift; path = PageViewController.swift; sourceTree = "<group>"; };
		2878B25E2195274B00E5D4D8 /* FirstScreenViewController.swift */ = {isa = PBXFileReference; lastKnownFileType = sourcecode.swift; path = FirstScreenViewController.swift; sourceTree = "<group>"; };
		2878B2602195275900E5D4D8 /* SecondScreenViewController.swift */ = {isa = PBXFileReference; lastKnownFileType = sourcecode.swift; path = SecondScreenViewController.swift; sourceTree = "<group>"; };
		4107DE481689B3F87BA1BF90 /* Pods-WiFinder.debug.xcconfig */ = {isa = PBXFileReference; includeInIndex = 1; lastKnownFileType = text.xcconfig; name = "Pods-WiFinder.debug.xcconfig"; path = "Pods/Target Support Files/Pods-WiFinder/Pods-WiFinder.debug.xcconfig"; sourceTree = "<group>"; };
		4B940C7D79EFE82C2D00EC52 /* Pods_WiFinder.framework */ = {isa = PBXFileReference; explicitFileType = wrapper.framework; includeInIndex = 0; path = Pods_WiFinder.framework; sourceTree = BUILT_PRODUCTS_DIR; };
		CD9A1F079199DB24A9B34195 /* Pods-WiFinder.release.xcconfig */ = {isa = PBXFileReference; includeInIndex = 1; lastKnownFileType = text.xcconfig; name = "Pods-WiFinder.release.xcconfig"; path = "Pods/Target Support Files/Pods-WiFinder/Pods-WiFinder.release.xcconfig"; sourceTree = "<group>"; };
/* End PBXFileReference section */

/* Begin PBXFrameworksBuildPhase section */
		285D8F282193BB2000DCEC07 /* Frameworks */ = {
			isa = PBXFrameworksBuildPhase;
			buildActionMask = 2147483647;
			files = (
				BF61EA6D9180A99D3070600F /* Pods_WiFinder.framework in Frameworks */,
			);
			runOnlyForDeploymentPostprocessing = 0;
		};
		285D8F3C2193BB2400DCEC07 /* Frameworks */ = {
			isa = PBXFrameworksBuildPhase;
			buildActionMask = 2147483647;
			files = (
			);
			runOnlyForDeploymentPostprocessing = 0;
		};
/* End PBXFrameworksBuildPhase section */

/* Begin PBXGroup section */
		281197712198FA8B00F82218 /* PreviewWindow */ = {
			isa = PBXGroup;
			children = (
				281197722198FAB400F82218 /* PreviewViewController.swift */,
			);
			path = PreviewWindow;
			sourceTree = "<group>";
		};
		2856F4E3219DB543001F99B0 /* Extension */ = {
			isa = PBXGroup;
			children = (
				2856F4E4219DB57A001F99B0 /* SwinjectStoryboard+Extension.swift */,
			);
			path = Extension;
			sourceTree = "<group>";
		};
		2856F4E8219DBC52001F99B0 /* Entities */ = {
			isa = PBXGroup;
			children = (
				2856F4E9219DBC5F001F99B0 /* TrackEntity.swift */,
			);
			path = Entities;
			sourceTree = "<group>";
		};
		2856F4EB219E6C95001F99B0 /* ChatBot */ = {
			isa = PBXGroup;
			children = (
				2856F4ED219E6CC9001F99B0 /* ChatBotViewController.swift */,
			);
			path = ChatBot;
			sourceTree = "<group>";
		};
		2856F4F5219E7D3E001F99B0 /* ChatBotTableViewCell */ = {
			isa = PBXGroup;
			children = (
				2856F4F8219E7E30001F99B0 /* ChatBotMineCell.swift */,
				2856F4FA219E7E57001F99B0 /* ChatBotTheirsCell.swift */,
			);
			path = ChatBotTableViewCell;
			sourceTree = "<group>";
		};
		2856F4FE219E83A8001F99B0 /* Components */ = {
			isa = PBXGroup;
			children = (
				2856F4FF219E83B7001F99B0 /* RoundedView.swift */,
			);
			path = Components;
			sourceTree = "<group>";
		};
		285D8F222193BB2000DCEC07 = {
			isa = PBXGroup;
			children = (
				285D8F2D2193BB2000DCEC07 /* WiFinder */,
				285D8F422193BB2400DCEC07 /* WiFinderTests */,
				285D8F2C2193BB2000DCEC07 /* Products */,
				9C301B8E0CE30B6215061B47 /* Pods */,
				35A65F95E0702BC37E7C74FD /* Frameworks */,
			);
			sourceTree = "<group>";
		};
		285D8F2C2193BB2000DCEC07 /* Products */ = {
			isa = PBXGroup;
			children = (
				285D8F2B2193BB2000DCEC07 /* WiFinder.app */,
				285D8F3F2193BB2400DCEC07 /* WiFinderTests.xctest */,
			);
			name = Products;
			sourceTree = "<group>";
		};
		285D8F2D2193BB2000DCEC07 /* WiFinder */ = {
			isa = PBXGroup;
			children = (
				2856F4FE219E83A8001F99B0 /* Components */,
				2856F4E3219DB543001F99B0 /* Extension */,
				285D8F522193BC3D00DCEC07 /* Resources */,
				285D8F512193BC3700DCEC07 /* Controllers */,
				285D8F502193BC3200DCEC07 /* Models */,
				285D8F4E2193BC1C00DCEC07 /* Networking */,
			);
			path = WiFinder;
			sourceTree = "<group>";
		};
		285D8F422193BB2400DCEC07 /* WiFinderTests */ = {
			isa = PBXGroup;
			children = (
				285D8F452193BB2400DCEC07 /* Info.plist */,
				285D8F432193BB2400DCEC07 /* WiFinderTests.swift */,
				285D8F5C2193C18B00DCEC07 /* ITunesAPITests.swift */,
				2878B255219514E600E5D4D8 /* TrackCatalogModelTests.swift */,
			);
			path = WiFinderTests;
			sourceTree = "<group>";
		};
		285D8F4E2193BC1C00DCEC07 /* Networking */ = {
			isa = PBXGroup;
			children = (
				285D8F622193C50900DCEC07 /* Request */,
				285D8F612193C4FD00DCEC07 /* API */,
				285D8F592193BF2900DCEC07 /* DTOs */,
			);
			path = Networking;
			sourceTree = "<group>";
		};
		285D8F502193BC3200DCEC07 /* Models */ = {
			isa = PBXGroup;
			children = (
				2856F4E8219DBC52001F99B0 /* Entities */,
				2878B25721951A6200E5D4D8 /* CatalogModel.swift */,
				2856F501219E8B78001F99B0 /* ChatBotModel.swift */,
			);
			path = Models;
			sourceTree = "<group>";
		};
		285D8F512193BC3700DCEC07 /* Controllers */ = {
			isa = PBXGroup;
			children = (
				2878B25C2195271F00E5D4D8 /* Main */,
				2856F4EB219E6C95001F99B0 /* ChatBot */,
				2856F4F5219E7D3E001F99B0 /* ChatBotTableViewCell */,
				281197712198FA8B00F82218 /* PreviewWindow */,
				2878B25D2195272D00E5D4D8 /* TrackTableViewCell */,
				2878B25B2195270400E5D4D8 /* PageViewController */,
			);
			path = Controllers;
			sourceTree = "<group>";
		};
		285D8F522193BC3D00DCEC07 /* Resources */ = {
			isa = PBXGroup;
			children = (
				285D8F2E2193BB2000DCEC07 /* AppDelegate.swift */,
				285D8F322193BB2000DCEC07 /* Main.storyboard */,
				285D8F372193BB2400DCEC07 /* LaunchScreen.storyboard */,
				285D8F352193BB2400DCEC07 /* Assets.xcassets */,
				285D8F3A2193BB2400DCEC07 /* Info.plist */,
				2856F4F3219E776C001F99B0 /* KeyboardLayoutConstraint.swift */,
			);
			path = Resources;
			sourceTree = "<group>";
		};
		285D8F592193BF2900DCEC07 /* DTOs */ = {
			isa = PBXGroup;
			children = (
				285D8F5F2193C2AF00DCEC07 /* ITunesTrackModel.swift */,
				285D8F632193C53C00DCEC07 /* ITunesSearchResponseModel.swift */,
			);
			path = DTOs;
			sourceTree = "<group>";
		};
		285D8F612193C4FD00DCEC07 /* API */ = {
			isa = PBXGroup;
			children = (
				285D8F572193BEFC00DCEC07 /* ITunesAPIProtocol.swift */,
				285D8F5A2193C0E500DCEC07 /* ITunesAPI.swift */,
			);
			path = API;
			sourceTree = "<group>";
		};
		285D8F622193C50900DCEC07 /* Request */ = {
			isa = PBXGroup;
			children = (
				285D8F532193BE5E00DCEC07 /* RequestProtocol.swift */,
				285D8F552193BEBB00DCEC07 /* AlamofireRequest.swift */,
			);
			path = Request;
			sourceTree = "<group>";
		};
		2878B25B2195270400E5D4D8 /* PageViewController */ = {
			isa = PBXGroup;
			children = (
				2878B2592195230D00E5D4D8 /* PageViewController.swift */,
				2878B25E2195274B00E5D4D8 /* FirstScreenViewController.swift */,
				2878B2602195275900E5D4D8 /* SecondScreenViewController.swift */,
			);
			path = PageViewController;
			sourceTree = "<group>";
		};
		2878B25C2195271F00E5D4D8 /* Main */ = {
			isa = PBXGroup;
			children = (
				285D8F302193BB2000DCEC07 /* ViewController.swift */,
			);
			path = Main;
			sourceTree = "<group>";
		};
		2878B25D2195272D00E5D4D8 /* TrackTableViewCell */ = {
			isa = PBXGroup;
			children = (
				286446EE2193D24800C389E6 /* TrackTableViewCell.swift */,
			);
			path = TrackTableViewCell;
			sourceTree = "<group>";
		};
		35A65F95E0702BC37E7C74FD /* Frameworks */ = {
			isa = PBXGroup;
			children = (
				4B940C7D79EFE82C2D00EC52 /* Pods_WiFinder.framework */,
			);
			name = Frameworks;
			sourceTree = "<group>";
		};
		9C301B8E0CE30B6215061B47 /* Pods */ = {
			isa = PBXGroup;
			children = (
				4107DE481689B3F87BA1BF90 /* Pods-WiFinder.debug.xcconfig */,
				CD9A1F079199DB24A9B34195 /* Pods-WiFinder.release.xcconfig */,
			);
			name = Pods;
			sourceTree = "<group>";
		};
/* End PBXGroup section */

/* Begin PBXNativeTarget section */
		285D8F2A2193BB2000DCEC07 /* WiFinder */ = {
			isa = PBXNativeTarget;
			buildConfigurationList = 285D8F482193BB2400DCEC07 /* Build configuration list for PBXNativeTarget "WiFinder" */;
			buildPhases = (
				20C63574CCF7A87B5CB5BDF2 /* [CP] Check Pods Manifest.lock */,
				285D8F272193BB2000DCEC07 /* Sources */,
				285D8F282193BB2000DCEC07 /* Frameworks */,
				285D8F292193BB2000DCEC07 /* Resources */,
				B4879846C04A2F323874F2E9 /* [CP] Embed Pods Frameworks */,
				9946D4FBE83B9F511DE0FDBE /* [CP] Copy Pods Resources */,
			);
			buildRules = (
			);
			dependencies = (
			);
			name = WiFinder;
			productName = WiFinder;
			productReference = 285D8F2B2193BB2000DCEC07 /* WiFinder.app */;
			productType = "com.apple.product-type.application";
		};
		285D8F3E2193BB2400DCEC07 /* WiFinderTests */ = {
			isa = PBXNativeTarget;
			buildConfigurationList = 285D8F4B2193BB2400DCEC07 /* Build configuration list for PBXNativeTarget "WiFinderTests" */;
			buildPhases = (
				285D8F3B2193BB2400DCEC07 /* Sources */,
				285D8F3C2193BB2400DCEC07 /* Frameworks */,
				285D8F3D2193BB2400DCEC07 /* Resources */,
			);
			buildRules = (
			);
			dependencies = (
				285D8F412193BB2400DCEC07 /* PBXTargetDependency */,
			);
			name = WiFinderTests;
			productName = WiFinderTests;
			productReference = 285D8F3F2193BB2400DCEC07 /* WiFinderTests.xctest */;
			productType = "com.apple.product-type.bundle.unit-test";
		};
/* End PBXNativeTarget section */

/* Begin PBXProject section */
		285D8F232193BB2000DCEC07 /* Project object */ = {
			isa = PBXProject;
			attributes = {
				LastSwiftUpdateCheck = 0930;
				LastUpgradeCheck = 0930;
				ORGANIZATIONNAME = "Eduardo Domene Junior";
				TargetAttributes = {
					285D8F2A2193BB2000DCEC07 = {
						CreatedOnToolsVersion = 9.3;
					};
					285D8F3E2193BB2400DCEC07 = {
						CreatedOnToolsVersion = 9.3;
						TestTargetID = 285D8F2A2193BB2000DCEC07;
					};
				};
			};
			buildConfigurationList = 285D8F262193BB2000DCEC07 /* Build configuration list for PBXProject "WiFinder" */;
			compatibilityVersion = "Xcode 9.3";
			developmentRegion = en;
			hasScannedForEncodings = 0;
			knownRegions = (
				en,
				Base,
			);
			mainGroup = 285D8F222193BB2000DCEC07;
			productRefGroup = 285D8F2C2193BB2000DCEC07 /* Products */;
			projectDirPath = "";
			projectRoot = "";
			targets = (
				285D8F2A2193BB2000DCEC07 /* WiFinder */,
				285D8F3E2193BB2400DCEC07 /* WiFinderTests */,
			);
		};
/* End PBXProject section */

/* Begin PBXResourcesBuildPhase section */
		285D8F292193BB2000DCEC07 /* Resources */ = {
			isa = PBXResourcesBuildPhase;
			buildActionMask = 2147483647;
			files = (
				285D8F392193BB2400DCEC07 /* LaunchScreen.storyboard in Resources */,
				285D8F362193BB2400DCEC07 /* Assets.xcassets in Resources */,
				285D8F342193BB2000DCEC07 /* Main.storyboard in Resources */,
			);
			runOnlyForDeploymentPostprocessing = 0;
		};
		285D8F3D2193BB2400DCEC07 /* Resources */ = {
			isa = PBXResourcesBuildPhase;
			buildActionMask = 2147483647;
			files = (
			);
			runOnlyForDeploymentPostprocessing = 0;
		};
/* End PBXResourcesBuildPhase section */

/* Begin PBXShellScriptBuildPhase section */
		20C63574CCF7A87B5CB5BDF2 /* [CP] Check Pods Manifest.lock */ = {
			isa = PBXShellScriptBuildPhase;
			buildActionMask = 2147483647;
			files = (
			);
			inputPaths = (
				"${PODS_PODFILE_DIR_PATH}/Podfile.lock",
				"${PODS_ROOT}/Manifest.lock",
			);
			name = "[CP] Check Pods Manifest.lock";
			outputPaths = (
				"$(DERIVED_FILE_DIR)/Pods-WiFinder-checkManifestLockResult.txt",
			);
			runOnlyForDeploymentPostprocessing = 0;
			shellPath = /bin/sh;
			shellScript = "diff \"${PODS_PODFILE_DIR_PATH}/Podfile.lock\" \"${PODS_ROOT}/Manifest.lock\" > /dev/null\nif [ $? != 0 ] ; then\n    # print error to STDERR\n    echo \"error: The sandbox is not in sync with the Podfile.lock. Run 'pod install' or update your CocoaPods installation.\" >&2\n    exit 1\nfi\n# This output is used by Xcode 'outputs' to avoid re-running this script phase.\necho \"SUCCESS\" > \"${SCRIPT_OUTPUT_FILE_0}\"\n";
			showEnvVarsInLog = 0;
		};
		9946D4FBE83B9F511DE0FDBE /* [CP] Copy Pods Resources */ = {
			isa = PBXShellScriptBuildPhase;
			buildActionMask = 2147483647;
			files = (
			);
			inputPaths = (
			);
			name = "[CP] Copy Pods Resources";
			outputPaths = (
			);
			runOnlyForDeploymentPostprocessing = 0;
			shellPath = /bin/sh;
			shellScript = "\"${SRCROOT}/Pods/Target Support Files/Pods-WiFinder/Pods-WiFinder-resources.sh\"\n";
			showEnvVarsInLog = 0;
		};
		B4879846C04A2F323874F2E9 /* [CP] Embed Pods Frameworks */ = {
			isa = PBXShellScriptBuildPhase;
			buildActionMask = 2147483647;
			files = (
			);
			inputPaths = (
				"${SRCROOT}/Pods/Target Support Files/Pods-WiFinder/Pods-WiFinder-frameworks.sh",
				"${BUILT_PRODUCTS_DIR}/Alamofire/Alamofire.framework",
				"${BUILT_PRODUCTS_DIR}/Kingfisher/Kingfisher.framework",
				"${BUILT_PRODUCTS_DIR}/Marshal/Marshal.framework",
				"${BUILT_PRODUCTS_DIR}/Swinject/Swinject.framework",
				"${BUILT_PRODUCTS_DIR}/SwinjectStoryboard/SwinjectStoryboard.framework",
			);
			name = "[CP] Embed Pods Frameworks";
			outputPaths = (
				"${TARGET_BUILD_DIR}/${FRAMEWORKS_FOLDER_PATH}/Alamofire.framework",
				"${TARGET_BUILD_DIR}/${FRAMEWORKS_FOLDER_PATH}/Kingfisher.framework",
				"${TARGET_BUILD_DIR}/${FRAMEWORKS_FOLDER_PATH}/Marshal.framework",
				"${TARGET_BUILD_DIR}/${FRAMEWORKS_FOLDER_PATH}/Swinject.framework",
				"${TARGET_BUILD_DIR}/${FRAMEWORKS_FOLDER_PATH}/SwinjectStoryboard.framework",
			);
			runOnlyForDeploymentPostprocessing = 0;
			shellPath = /bin/sh;
			shellScript = "\"${SRCROOT}/Pods/Target Support Files/Pods-WiFinder/Pods-WiFinder-frameworks.sh\"\n";
			showEnvVarsInLog = 0;
		};
/* End PBXShellScriptBuildPhase section */

/* Begin PBXSourcesBuildPhase section */
		285D8F272193BB2000DCEC07 /* Sources */ = {
			isa = PBXSourcesBuildPhase;
			buildActionMask = 2147483647;
			files = (
				2856F4E5219DB57A001F99B0 /* SwinjectStoryboard+Extension.swift in Sources */,
				285D8F642193C53C00DCEC07 /* ITunesSearchResponseModel.swift in Sources */,
				2856F500219E83B7001F99B0 /* RoundedView.swift in Sources */,
				2856F502219E8B78001F99B0 /* ChatBotModel.swift in Sources */,
				2856F4F9219E7E30001F99B0 /* ChatBotMineCell.swift in Sources */,
				2878B25F2195274B00E5D4D8 /* FirstScreenViewController.swift in Sources */,
				285D8F5B2193C0E500DCEC07 /* ITunesAPI.swift in Sources */,
				2878B25A2195230D00E5D4D8 /* PageViewController.swift in Sources */,
				2856F4F4219E776C001F99B0 /* KeyboardLayoutConstraint.swift in Sources */,
				2878B2612195275900E5D4D8 /* SecondScreenViewController.swift in Sources */,
				285D8F602193C2AF00DCEC07 /* ITunesTrackModel.swift in Sources */,
				2878B25821951A6200E5D4D8 /* CatalogModel.swift in Sources */,
				2856F4EE219E6CC9001F99B0 /* ChatBotViewController.swift in Sources */,
				285D8F542193BE5E00DCEC07 /* RequestProtocol.swift in Sources */,
				286446EF2193D24800C389E6 /* TrackTableViewCell.swift in Sources */,
				281197732198FAB400F82218 /* PreviewViewController.swift in Sources */,
				2856F4EA219DBC5F001F99B0 /* TrackEntity.swift in Sources */,
				285D8F312193BB2000DCEC07 /* ViewController.swift in Sources */,
				285D8F562193BEBB00DCEC07 /* AlamofireRequest.swift in Sources */,
				285D8F2F2193BB2000DCEC07 /* AppDelegate.swift in Sources */,
				285D8F582193BEFC00DCEC07 /* ITunesAPIProtocol.swift in Sources */,
				2856F4FB219E7E57001F99B0 /* ChatBotTheirsCell.swift in Sources */,
			);
			runOnlyForDeploymentPostprocessing = 0;
		};
		285D8F3B2193BB2400DCEC07 /* Sources */ = {
			isa = PBXSourcesBuildPhase;
			buildActionMask = 2147483647;
			files = (
				2878B256219514E600E5D4D8 /* TrackCatalogModelTests.swift in Sources */,
				285D8F5D2193C18B00DCEC07 /* ITunesAPITests.swift in Sources */,
				285D8F442193BB2400DCEC07 /* WiFinderTests.swift in Sources */,
			);
			runOnlyForDeploymentPostprocessing = 0;
		};
/* End PBXSourcesBuildPhase section */

/* Begin PBXTargetDependency section */
		285D8F412193BB2400DCEC07 /* PBXTargetDependency */ = {
			isa = PBXTargetDependency;
			target = 285D8F2A2193BB2000DCEC07 /* WiFinder */;
			targetProxy = 285D8F402193BB2400DCEC07 /* PBXContainerItemProxy */;
		};
/* End PBXTargetDependency section */

/* Begin PBXVariantGroup section */
		285D8F322193BB2000DCEC07 /* Main.storyboard */ = {
			isa = PBXVariantGroup;
			children = (
				285D8F332193BB2000DCEC07 /* Base */,
			);
			name = Main.storyboard;
			sourceTree = "<group>";
		};
		285D8F372193BB2400DCEC07 /* LaunchScreen.storyboard */ = {
			isa = PBXVariantGroup;
			children = (
				285D8F382193BB2400DCEC07 /* Base */,
			);
			name = LaunchScreen.storyboard;
			sourceTree = "<group>";
		};
/* End PBXVariantGroup section */

/* Begin XCBuildConfiguration section */
		285D8F462193BB2400DCEC07 /* Debug */ = {
			isa = XCBuildConfiguration;
			buildSettings = {
				ALWAYS_SEARCH_USER_PATHS = NO;
				CLANG_ANALYZER_NONNULL = YES;
				CLANG_ANALYZER_NUMBER_OBJECT_CONVERSION = YES_AGGRESSIVE;
				CLANG_CXX_LANGUAGE_STANDARD = "gnu++14";
				CLANG_CXX_LIBRARY = "libc++";
				CLANG_ENABLE_MODULES = YES;
				CLANG_ENABLE_OBJC_ARC = YES;
				CLANG_ENABLE_OBJC_WEAK = YES;
				CLANG_WARN_BLOCK_CAPTURE_AUTORELEASING = YES;
				CLANG_WARN_BOOL_CONVERSION = YES;
				CLANG_WARN_COMMA = YES;
				CLANG_WARN_CONSTANT_CONVERSION = YES;
				CLANG_WARN_DEPRECATED_OBJC_IMPLEMENTATIONS = YES;
				CLANG_WARN_DIRECT_OBJC_ISA_USAGE = YES_ERROR;
				CLANG_WARN_DOCUMENTATION_COMMENTS = YES;
				CLANG_WARN_EMPTY_BODY = YES;
				CLANG_WARN_ENUM_CONVERSION = YES;
				CLANG_WARN_INFINITE_RECURSION = YES;
				CLANG_WARN_INT_CONVERSION = YES;
				CLANG_WARN_NON_LITERAL_NULL_CONVERSION = YES;
				CLANG_WARN_OBJC_IMPLICIT_RETAIN_SELF = YES;
				CLANG_WARN_OBJC_LITERAL_CONVERSION = YES;
				CLANG_WARN_OBJC_ROOT_CLASS = YES_ERROR;
				CLANG_WARN_RANGE_LOOP_ANALYSIS = YES;
				CLANG_WARN_STRICT_PROTOTYPES = YES;
				CLANG_WARN_SUSPICIOUS_MOVE = YES;
				CLANG_WARN_UNGUARDED_AVAILABILITY = YES_AGGRESSIVE;
				CLANG_WARN_UNREACHABLE_CODE = YES;
				CLANG_WARN__DUPLICATE_METHOD_MATCH = YES;
				CODE_SIGN_IDENTITY = "iPhone Developer";
				COPY_PHASE_STRIP = NO;
				DEBUG_INFORMATION_FORMAT = dwarf;
				ENABLE_STRICT_OBJC_MSGSEND = YES;
				ENABLE_TESTABILITY = YES;
				GCC_C_LANGUAGE_STANDARD = gnu11;
				GCC_DYNAMIC_NO_PIC = NO;
				GCC_NO_COMMON_BLOCKS = YES;
				GCC_OPTIMIZATION_LEVEL = 0;
				GCC_PREPROCESSOR_DEFINITIONS = (
					"DEBUG=1",
					"$(inherited)",
				);
				GCC_WARN_64_TO_32_BIT_CONVERSION = YES;
				GCC_WARN_ABOUT_RETURN_TYPE = YES_ERROR;
				GCC_WARN_UNDECLARED_SELECTOR = YES;
				GCC_WARN_UNINITIALIZED_AUTOS = YES_AGGRESSIVE;
				GCC_WARN_UNUSED_FUNCTION = YES;
				GCC_WARN_UNUSED_VARIABLE = YES;
				IPHONEOS_DEPLOYMENT_TARGET = 11.3;
				MTL_ENABLE_DEBUG_INFO = YES;
				ONLY_ACTIVE_ARCH = YES;
				SDKROOT = iphoneos;
				SWIFT_ACTIVE_COMPILATION_CONDITIONS = DEBUG;
				SWIFT_OPTIMIZATION_LEVEL = "-Onone";
			};
			name = Debug;
		};
		285D8F472193BB2400DCEC07 /* Release */ = {
			isa = XCBuildConfiguration;
			buildSettings = {
				ALWAYS_SEARCH_USER_PATHS = NO;
				CLANG_ANALYZER_NONNULL = YES;
				CLANG_ANALYZER_NUMBER_OBJECT_CONVERSION = YES_AGGRESSIVE;
				CLANG_CXX_LANGUAGE_STANDARD = "gnu++14";
				CLANG_CXX_LIBRARY = "libc++";
				CLANG_ENABLE_MODULES = YES;
				CLANG_ENABLE_OBJC_ARC = YES;
				CLANG_ENABLE_OBJC_WEAK = YES;
				CLANG_WARN_BLOCK_CAPTURE_AUTORELEASING = YES;
				CLANG_WARN_BOOL_CONVERSION = YES;
				CLANG_WARN_COMMA = YES;
				CLANG_WARN_CONSTANT_CONVERSION = YES;
				CLANG_WARN_DEPRECATED_OBJC_IMPLEMENTATIONS = YES;
				CLANG_WARN_DIRECT_OBJC_ISA_USAGE = YES_ERROR;
				CLANG_WARN_DOCUMENTATION_COMMENTS = YES;
				CLANG_WARN_EMPTY_BODY = YES;
				CLANG_WARN_ENUM_CONVERSION = YES;
				CLANG_WARN_INFINITE_RECURSION = YES;
				CLANG_WARN_INT_CONVERSION = YES;
				CLANG_WARN_NON_LITERAL_NULL_CONVERSION = YES;
				CLANG_WARN_OBJC_IMPLICIT_RETAIN_SELF = YES;
				CLANG_WARN_OBJC_LITERAL_CONVERSION = YES;
				CLANG_WARN_OBJC_ROOT_CLASS = YES_ERROR;
				CLANG_WARN_RANGE_LOOP_ANALYSIS = YES;
				CLANG_WARN_STRICT_PROTOTYPES = YES;
				CLANG_WARN_SUSPICIOUS_MOVE = YES;
				CLANG_WARN_UNGUARDED_AVAILABILITY = YES_AGGRESSIVE;
				CLANG_WARN_UNREACHABLE_CODE = YES;
				CLANG_WARN__DUPLICATE_METHOD_MATCH = YES;
				CODE_SIGN_IDENTITY = "iPhone Developer";
				COPY_PHASE_STRIP = NO;
				DEBUG_INFORMATION_FORMAT = "dwarf-with-dsym";
				ENABLE_NS_ASSERTIONS = NO;
				ENABLE_STRICT_OBJC_MSGSEND = YES;
				GCC_C_LANGUAGE_STANDARD = gnu11;
				GCC_NO_COMMON_BLOCKS = YES;
				GCC_WARN_64_TO_32_BIT_CONVERSION = YES;
				GCC_WARN_ABOUT_RETURN_TYPE = YES_ERROR;
				GCC_WARN_UNDECLARED_SELECTOR = YES;
				GCC_WARN_UNINITIALIZED_AUTOS = YES_AGGRESSIVE;
				GCC_WARN_UNUSED_FUNCTION = YES;
				GCC_WARN_UNUSED_VARIABLE = YES;
				IPHONEOS_DEPLOYMENT_TARGET = 11.3;
				MTL_ENABLE_DEBUG_INFO = NO;
				SDKROOT = iphoneos;
				SWIFT_COMPILATION_MODE = wholemodule;
				SWIFT_OPTIMIZATION_LEVEL = "-O";
				VALIDATE_PRODUCT = YES;
			};
			name = Release;
		};
		285D8F492193BB2400DCEC07 /* Debug */ = {
			isa = XCBuildConfiguration;
			baseConfigurationReference = 4107DE481689B3F87BA1BF90 /* Pods-WiFinder.debug.xcconfig */;
			buildSettings = {
				ASSETCATALOG_COMPILER_APPICON_NAME = AppIcon;
				CODE_SIGN_STYLE = Automatic;
				DEVELOPMENT_TEAM = 6RDBHT79U2;
				INFOPLIST_FILE = "$(SRCROOT)/WiFinder/Resources/Info.plist";
				LD_RUNPATH_SEARCH_PATHS = (
					"$(inherited)",
					"@executable_path/Frameworks",
				);
				PRODUCT_BUNDLE_IDENTIFIER = br.com.edudjr.WiFinder;
				PRODUCT_NAME = "$(TARGET_NAME)";
				SWIFT_VERSION = 4.0;
				TARGETED_DEVICE_FAMILY = "1,2";
			};
			name = Debug;
		};
		285D8F4A2193BB2400DCEC07 /* Release */ = {
			isa = XCBuildConfiguration;
			baseConfigurationReference = CD9A1F079199DB24A9B34195 /* Pods-WiFinder.release.xcconfig */;
			buildSettings = {
				ASSETCATALOG_COMPILER_APPICON_NAME = AppIcon;
				CODE_SIGN_STYLE = Automatic;
				DEVELOPMENT_TEAM = 6RDBHT79U2;
				INFOPLIST_FILE = "$(SRCROOT)/WiFinder/Resources/Info.plist";
				LD_RUNPATH_SEARCH_PATHS = (
					"$(inherited)",
					"@executable_path/Frameworks",
				);
				PRODUCT_BUNDLE_IDENTIFIER = br.com.edudjr.WiFinder;
				PRODUCT_NAME = "$(TARGET_NAME)";
				SWIFT_VERSION = 4.0;
				TARGETED_DEVICE_FAMILY = "1,2";
			};
			name = Release;
		};
		285D8F4C2193BB2400DCEC07 /* Debug */ = {
			isa = XCBuildConfiguration;
			buildSettings = {
				ALWAYS_EMBED_SWIFT_STANDARD_LIBRARIES = YES;
				BUNDLE_LOADER = "$(TEST_HOST)";
				CODE_SIGN_STYLE = Automatic;
				DEVELOPMENT_TEAM = 6RDBHT79U2;
				INFOPLIST_FILE = WiFinderTests/Info.plist;
				LD_RUNPATH_SEARCH_PATHS = (
					"$(inherited)",
					"@executable_path/Frameworks",
					"@loader_path/Frameworks",
				);
				PRODUCT_BUNDLE_IDENTIFIER = br.com.edudjr.WiFinderTests;
				PRODUCT_NAME = "$(TARGET_NAME)";
				SWIFT_VERSION = 4.0;
				TARGETED_DEVICE_FAMILY = "1,2";
				TEST_HOST = "$(BUILT_PRODUCTS_DIR)/WiFinder.app/WiFinder";
			};
			name = Debug;
		};
		285D8F4D2193BB2400DCEC07 /* Release */ = {
			isa = XCBuildConfiguration;
			buildSettings = {
				ALWAYS_EMBED_SWIFT_STANDARD_LIBRARIES = YES;
				BUNDLE_LOADER = "$(TEST_HOST)";
				CODE_SIGN_STYLE = Automatic;
				DEVELOPMENT_TEAM = 6RDBHT79U2;
				INFOPLIST_FILE = WiFinderTests/Info.plist;
				LD_RUNPATH_SEARCH_PATHS = (
					"$(inherited)",
					"@executable_path/Frameworks",
					"@loader_path/Frameworks",
				);
				PRODUCT_BUNDLE_IDENTIFIER = br.com.edudjr.WiFinderTests;
				PRODUCT_NAME = "$(TARGET_NAME)";
				SWIFT_VERSION = 4.0;
				TARGETED_DEVICE_FAMILY = "1,2";
				TEST_HOST = "$(BUILT_PRODUCTS_DIR)/WiFinder.app/WiFinder";
			};
			name = Release;
		};
/* End XCBuildConfiguration section */

/* Begin XCConfigurationList section */
		285D8F262193BB2000DCEC07 /* Build configuration list for PBXProject "WiFinder" */ = {
			isa = XCConfigurationList;
			buildConfigurations = (
				285D8F462193BB2400DCEC07 /* Debug */,
				285D8F472193BB2400DCEC07 /* Release */,
			);
			defaultConfigurationIsVisible = 0;
			defaultConfigurationName = Release;
		};
		285D8F482193BB2400DCEC07 /* Build configuration list for PBXNativeTarget "WiFinder" */ = {
			isa = XCConfigurationList;
			buildConfigurations = (
				285D8F492193BB2400DCEC07 /* Debug */,
				285D8F4A2193BB2400DCEC07 /* Release */,
			);
			defaultConfigurationIsVisible = 0;
			defaultConfigurationName = Release;
		};
		285D8F4B2193BB2400DCEC07 /* Build configuration list for PBXNativeTarget "WiFinderTests" */ = {
			isa = XCConfigurationList;
			buildConfigurations = (
				285D8F4C2193BB2400DCEC07 /* Debug */,
				285D8F4D2193BB2400DCEC07 /* Release */,
			);
			defaultConfigurationIsVisible = 0;
			defaultConfigurationName = Release;
		};
/* End XCConfigurationList section */
	};
	rootObject = 285D8F232193BB2000DCEC07 /* Project object */;
}
